
Microsoft Visual Studio Solution File, Format Version 12.00
# Visual Studio Version 16
VisualStudioVersion = 16.0.29905.134
MinimumVisualStudioVersion = 10.0.40219.1
Project("{2150E333-8FDC-42A3-9474-1A3956D46DE8}") = "Solution Items", "Solution Items", "{E686F615-F1C7-44FD-A998-6F2179805799}"
	ProjectSection(SolutionItems) = preProject
		PiGraphQl.md = PiGraphQl.md
	EndProjectSection
EndProject
Project("{FAE04EC0-301F-11D3-BF4B-00C04F79EFBC}") = "PiGraphQlOwinServer", "PiGraphQlOwinServer\PiGraphQlOwinServer.csproj", "{B99659E3-A138-4E10-B564-215FAE866ED4}"
EndProject
Project("{9A19103F-16F7-4668-BE54-9A1E7A4F7556}") = "PiGraphQlSchema", "PiGraphQlSchema\PiGraphQlSchema.csproj", "{53CDA131-1E04-4DAA-8CF3-FC127DDFEB58}"
EndProject
Project("{FAE04EC0-301F-11D3-BF4B-00C04F79EFBC}") = "PiGraphQlResolver", "PiGraphQlResolver\PiGraphQlResolver.csproj", "{0BFC459B-FBCC-461F-BA1C-91A43CC3E287}"
EndProject
Project("{FAE04EC0-301F-11D3-BF4B-00C04F79EFBC}") = "PiGraphQlResolverTestConsoleApp", "PiGraphQlResolverTestConsoleApp\PiGraphQlResolverTestConsoleApp.csproj", "{92CAD412-89E1-492E-A940-981AB59966A7}"
EndProject
Global
	GlobalSection(SolutionConfigurationPlatforms) = preSolution
		Debug|Any CPU = Debug|Any CPU
		Release|Any CPU = Release|Any CPU
	EndGlobalSection
	GlobalSection(ProjectConfigurationPlatforms) = postSolution
		{B99659E3-A138-4E10-B564-215FAE866ED4}.Debug|Any CPU.ActiveCfg = Debug|Any CPU
		{B99659E3-A138-4E10-B564-215FAE866ED4}.Debug|Any CPU.Build.0 = Debug|Any CPU
		{B99659E3-A138-4E10-B564-215FAE866ED4}.Release|Any CPU.ActiveCfg = Release|Any CPU
		{B99659E3-A138-4E10-B564-215FAE866ED4}.Release|Any CPU.Build.0 = Release|Any CPU
		{53CDA131-1E04-4DAA-8CF3-FC127DDFEB58}.Debug|Any CPU.ActiveCfg = Debug|Any CPU
		{53CDA131-1E04-4DAA-8CF3-FC127DDFEB58}.Debug|Any CPU.Build.0 = Debug|Any CPU
		{53CDA131-1E04-4DAA-8CF3-FC127DDFEB58}.Release|Any CPU.ActiveCfg = Release|Any CPU
		{53CDA131-1E04-4DAA-8CF3-FC127DDFEB58}.Release|Any CPU.Build.0 = Release|Any CPU
		{0BFC459B-FBCC-461F-BA1C-91A43CC3E287}.Debug|Any CPU.ActiveCfg = Debug|Any CPU
		{0BFC459B-FBCC-461F-BA1C-91A43CC3E287}.Debug|Any CPU.Build.0 = Debug|Any CPU
		{0BFC459B-FBCC-461F-BA1C-91A43CC3E287}.Release|Any CPU.ActiveCfg = Release|Any CPU
		{0BFC459B-FBCC-461F-BA1C-91A43CC3E287}.Release|Any CPU.Build.0 = Release|Any CPU
		{92CAD412-89E1-492E-A940-981AB59966A7}.Debug|Any CPU.ActiveCfg = Debug|Any CPU
		{92CAD412-89E1-492E-A940-981AB59966A7}.Debug|Any CPU.Build.0 = Debug|Any CPU
		{92CAD412-89E1-492E-A940-981AB59966A7}.Release|Any CPU.ActiveCfg = Release|Any CPU
		{92CAD412-89E1-492E-A940-981AB59966A7}.Release|Any CPU.Build.0 = Release|Any CPU
	EndGlobalSection
	GlobalSection(SolutionProperties) = preSolution
		HideSolutionNode = FALSE
	EndGlobalSection
	GlobalSection(ExtensibilityGlobals) = postSolution
		SolutionGuid = {51177262-9980-4C35-9AF4-BC224E17F5E8}
	EndGlobalSection
EndGlobal
